// !$*UTF8*$!
{
	archiveVersion = 1;
	classes = {
	};
	objectVersion = 50;
	objects = {

/* Begin PBXBuildFile section */
		817531BC24CA71C600B13174 /* OpenGL.framework in Frameworks */ = {isa = PBXBuildFile; fileRef = 817531BB24CA71C600B13174 /* OpenGL.framework */; };
		817531BE24CA71D800B13174 /* libglfw.3.3.dylib in Frameworks */ = {isa = PBXBuildFile; fileRef = 817531BD24CA71D800B13174 /* libglfw.3.3.dylib */; };
		817531C024CA71E700B13174 /* libGLEW.2.1.0.dylib in Frameworks */ = {isa = PBXBuildFile; fileRef = 817531BF24CA71E700B13174 /* libGLEW.2.1.0.dylib */; };
		81DC2F8A24D0A8C2001AD303 /* stb_image_implementation.cpp in Sources */ = {isa = PBXBuildFile; fileRef = 817531C624CAB04800B13174 /* stb_image_implementation.cpp */; };
		81E3A68824D212AD00F592E1 /* main.cpp in Sources */ = {isa = PBXBuildFile; fileRef = 817531B024CA58DD00B13174 /* main.cpp */; };
/* End PBXBuildFile section */

/* Begin PBXCopyFilesBuildPhase section */
		817531AB24CA58DD00B13174 /* CopyFiles */ = {
			isa = PBXCopyFilesBuildPhase;
			buildActionMask = 2147483647;
			dstPath = /usr/share/man/man1/;
			dstSubfolderSpec = 0;
			files = (
			);
			runOnlyForDeploymentPostprocessing = 1;
		};
/* End PBXCopyFilesBuildPhase section */

/* Begin PBXFileReference section */
		817531AD24CA58DD00B13174 /* SquareEngine */ = {isa = PBXFileReference; explicitFileType = "compiled.mach-o.executable"; includeInIndex = 0; path = SquareEngine; sourceTree = BUILT_PRODUCTS_DIR; };
		817531B024CA58DD00B13174 /* main.cpp */ = {isa = PBXFileReference; lastKnownFileType = sourcecode.cpp.cpp; path = main.cpp; sourceTree = "<group>"; };
		817531B824CA714D00B13174 /* World.hpp */ = {isa = PBXFileReference; lastKnownFileType = sourcecode.cpp.h; path = World.hpp; sourceTree = "<group>"; };
		817531BB24CA71C600B13174 /* OpenGL.framework */ = {isa = PBXFileReference; lastKnownFileType = wrapper.framework; name = OpenGL.framework; path = System/Library/Frameworks/OpenGL.framework; sourceTree = SDKROOT; };
		817531BD24CA71D800B13174 /* libglfw.3.3.dylib */ = {isa = PBXFileReference; lastKnownFileType = "compiled.mach-o.dylib"; name = libglfw.3.3.dylib; path = ../../../../../usr/local/Cellar/glfw/3.3.2/lib/libglfw.3.3.dylib; sourceTree = "<group>"; };
		817531BF24CA71E700B13174 /* libGLEW.2.1.0.dylib */ = {isa = PBXFileReference; lastKnownFileType = "compiled.mach-o.dylib"; name = libGLEW.2.1.0.dylib; path = ../../../../../usr/local/Cellar/glew/2.1.0_1/lib/libGLEW.2.1.0.dylib; sourceTree = "<group>"; };
		817531C224CA725B00B13174 /* Game.hpp */ = {isa = PBXFileReference; lastKnownFileType = sourcecode.cpp.h; path = Game.hpp; sourceTree = "<group>"; };
		817531C524CAAAEA00B13174 /* texture_shader.fs */ = {isa = PBXFileReference; lastKnownFileType = sourcecode.glsl; path = texture_shader.fs; sourceTree = "<group>"; };
		817531C624CAB04800B13174 /* stb_image_implementation.cpp */ = {isa = PBXFileReference; fileEncoding = 4; lastKnownFileType = sourcecode.cpp.cpp; name = stb_image_implementation.cpp; path = ../../../Game_Net/Game_Net/Game_Implementation/stb_image_implementation.cpp; sourceTree = "<group>"; };
		81BA055F24CB586B00F2329C /* Entity.hpp */ = {isa = PBXFileReference; lastKnownFileType = sourcecode.cpp.h; path = Entity.hpp; sourceTree = "<group>"; };
		81BA056124CB5CD300F2329C /* tests.cpp */ = {isa = PBXFileReference; lastKnownFileType = sourcecode.cpp.cpp; path = tests.cpp; sourceTree = "<group>"; };
		81DC2F8624D0A38C001AD303 /* texture_shader.vs */ = {isa = PBXFileReference; lastKnownFileType = sourcecode.glsl; path = texture_shader.vs; sourceTree = "<group>"; };
		81DC2F8824D0A605001AD303 /* store.hpp */ = {isa = PBXFileReference; lastKnownFileType = sourcecode.cpp.h; path = store.hpp; sourceTree = "<group>"; };
/* End PBXFileReference section */

/* Begin PBXFrameworksBuildPhase section */
		817531AA24CA58DD00B13174 /* Frameworks */ = {
			isa = PBXFrameworksBuildPhase;
			buildActionMask = 2147483647;
			files = (
				817531C024CA71E700B13174 /* libGLEW.2.1.0.dylib in Frameworks */,
				817531BE24CA71D800B13174 /* libglfw.3.3.dylib in Frameworks */,
				817531BC24CA71C600B13174 /* OpenGL.framework in Frameworks */,
			);
			runOnlyForDeploymentPostprocessing = 0;
		};
/* End PBXFrameworksBuildPhase section */

/* Begin PBXGroup section */
		817531A424CA58DD00B13174 = {
			isa = PBXGroup;
			children = (
				817531AF24CA58DD00B13174 /* SquareEngine */,
				817531AE24CA58DD00B13174 /* Products */,
				817531BA24CA71C600B13174 /* Frameworks */,
			);
			sourceTree = "<group>";
		};
		817531AE24CA58DD00B13174 /* Products */ = {
			isa = PBXGroup;
			children = (
				817531AD24CA58DD00B13174 /* SquareEngine */,
			);
			name = Products;
			sourceTree = "<group>";
		};
		817531AF24CA58DD00B13174 /* SquareEngine */ = {
			isa = PBXGroup;
			children = (
				817531C424CAAAB100B13174 /* Shaders */,
				817531B024CA58DD00B13174 /* main.cpp */,
				817531B824CA714D00B13174 /* World.hpp */,
				817531C224CA725B00B13174 /* Game.hpp */,
				81BA055F24CB586B00F2329C /* Entity.hpp */,
				81BA056124CB5CD300F2329C /* tests.cpp */,
				81DC2F8824D0A605001AD303 /* store.hpp */,
			);
			path = SquareEngine;
			sourceTree = "<group>";
		};
		817531BA24CA71C600B13174 /* Frameworks */ = {
			isa = PBXGroup;
			children = (
				817531BF24CA71E700B13174 /* libGLEW.2.1.0.dylib */,
				817531BD24CA71D800B13174 /* libglfw.3.3.dylib */,
				817531BB24CA71C600B13174 /* OpenGL.framework */,
			);
			name = Frameworks;
			sourceTree = "<group>";
		};
		817531C424CAAAB100B13174 /* Shaders */ = {
			isa = PBXGroup;
			children = (
				817531C524CAAAEA00B13174 /* texture_shader.fs */,
				817531C624CAB04800B13174 /* stb_image_implementation.cpp */,
				81DC2F8624D0A38C001AD303 /* texture_shader.vs */,
			);
			path = Shaders;
			sourceTree = "<group>";
		};
/* End PBXGroup section */

/* Begin PBXNativeTarget section */
		817531AC24CA58DD00B13174 /* SquareEngine */ = {
			isa = PBXNativeTarget;
			buildConfigurationList = 817531B424CA58DD00B13174 /* Build configuration list for PBXNativeTarget "SquareEngine" */;
			buildPhases = (
				817531A924CA58DD00B13174 /* Sources */,
				817531AA24CA58DD00B13174 /* Frameworks */,
				817531AB24CA58DD00B13174 /* CopyFiles */,
			);
			buildRules = (
			);
			dependencies = (
			);
			name = SquareEngine;
			productName = SquareEngine;
			productReference = 817531AD24CA58DD00B13174 /* SquareEngine */;
			productType = "com.apple.product-type.tool";
		};
/* End PBXNativeTarget section */

/* Begin PBXProject section */
		817531A524CA58DD00B13174 /* Project object */ = {
			isa = PBXProject;
			attributes = {
				LastUpgradeCheck = 1160;
				ORGANIZATIONNAME = "Krish Patel";
				TargetAttributes = {
					817531AC24CA58DD00B13174 = {
						CreatedOnToolsVersion = 11.6;
					};
				};
			};
			buildConfigurationList = 817531A824CA58DD00B13174 /* Build configuration list for PBXProject "SquareEngine" */;
			compatibilityVersion = "Xcode 9.3";
			developmentRegion = en;
			hasScannedForEncodings = 0;
			knownRegions = (
				en,
				Base,
			);
			mainGroup = 817531A424CA58DD00B13174;
			productRefGroup = 817531AE24CA58DD00B13174 /* Products */;
			projectDirPath = "";
			projectRoot = "";
			targets = (
				817531AC24CA58DD00B13174 /* SquareEngine */,
			);
		};
/* End PBXProject section */

/* Begin PBXSourcesBuildPhase section */
		817531A924CA58DD00B13174 /* Sources */ = {
			isa = PBXSourcesBuildPhase;
			buildActionMask = 2147483647;
			files = (
				81E3A68824D212AD00F592E1 /* main.cpp in Sources */,
				81DC2F8A24D0A8C2001AD303 /* stb_image_implementation.cpp in Sources */,
			);
			runOnlyForDeploymentPostprocessing = 0;
		};
/* End PBXSourcesBuildPhase section */

/* Begin XCBuildConfiguration section */
		817531B224CA58DD00B13174 /* Debug */ = {
			isa = XCBuildConfiguration;
			buildSettings = {
				ALWAYS_SEARCH_USER_PATHS = NO;
				CLANG_ANALYZER_NONNULL = YES;
				CLANG_ANALYZER_NUMBER_OBJECT_CONVERSION = YES_AGGRESSIVE;
				CLANG_CXX_LANGUAGE_STANDARD = "gnu++14";
				CLANG_CXX_LIBRARY = "libc++";
				CLANG_ENABLE_MODULES = YES;
				CLANG_ENABLE_OBJC_ARC = YES;
				CLANG_ENABLE_OBJC_WEAK = YES;
				CLANG_WARN_BLOCK_CAPTURE_AUTORELEASING = YES;
				CLANG_WARN_BOOL_CONVERSION = YES;
				CLANG_WARN_COMMA = YES;
				CLANG_WARN_CONSTANT_CONVERSION = YES;
				CLANG_WARN_DEPRECATED_OBJC_IMPLEMENTATIONS = YES;
				CLANG_WARN_DIRECT_OBJC_ISA_USAGE = YES_ERROR;
				CLANG_WARN_DOCUMENTATION_COMMENTS = YES;
				CLANG_WARN_EMPTY_BODY = YES;
				CLANG_WARN_ENUM_CONVERSION = YES;
				CLANG_WARN_INFINITE_RECURSION = YES;
				CLANG_WARN_INT_CONVERSION = YES;
				CLANG_WARN_NON_LITERAL_NULL_CONVERSION = YES;
				CLANG_WARN_OBJC_IMPLICIT_RETAIN_SELF = YES;
				CLANG_WARN_OBJC_LITERAL_CONVERSION = YES;
				CLANG_WARN_OBJC_ROOT_CLASS = YES_ERROR;
				CLANG_WARN_RANGE_LOOP_ANALYSIS = YES;
				CLANG_WARN_STRICT_PROTOTYPES = YES;
				CLANG_WARN_SUSPICIOUS_MOVE = YES;
				CLANG_WARN_UNGUARDED_AVAILABILITY = YES_AGGRESSIVE;
				CLANG_WARN_UNREACHABLE_CODE = YES;
				CLANG_WARN__DUPLICATE_METHOD_MATCH = YES;
				COPY_PHASE_STRIP = NO;
				DEBUG_INFORMATION_FORMAT = dwarf;
				ENABLE_STRICT_OBJC_MSGSEND = YES;
				ENABLE_TESTABILITY = YES;
				GCC_C_LANGUAGE_STANDARD = gnu11;
				GCC_DYNAMIC_NO_PIC = NO;
				GCC_NO_COMMON_BLOCKS = YES;
				GCC_OPTIMIZATION_LEVEL = 0;
				GCC_PREPROCESSOR_DEFINITIONS = (
					"DEBUG=1",
					"$(inherited)",
				);
				GCC_WARN_64_TO_32_BIT_CONVERSION = YES;
				GCC_WARN_ABOUT_RETURN_TYPE = YES_ERROR;
				GCC_WARN_UNDECLARED_SELECTOR = YES;
				GCC_WARN_UNINITIALIZED_AUTOS = YES_AGGRESSIVE;
				GCC_WARN_UNUSED_FUNCTION = YES;
				GCC_WARN_UNUSED_VARIABLE = YES;
				MACOSX_DEPLOYMENT_TARGET = 10.15;
				MTL_ENABLE_DEBUG_INFO = INCLUDE_SOURCE;
				MTL_FAST_MATH = YES;
				ONLY_ACTIVE_ARCH = YES;
				SDKROOT = macosx;
			};
			name = Debug;
		};
		817531B324CA58DD00B13174 /* Release */ = {
			isa = XCBuildConfiguration;
			buildSettings = {
				ALWAYS_SEARCH_USER_PATHS = NO;
				CLANG_ANALYZER_NONNULL = YES;
				CLANG_ANALYZER_NUMBER_OBJECT_CONVERSION = YES_AGGRESSIVE;
				CLANG_CXX_LANGUAGE_STANDARD = "gnu++14";
				CLANG_CXX_LIBRARY = "libc++";
				CLANG_ENABLE_MODULES = YES;
				CLANG_ENABLE_OBJC_ARC = YES;
				CLANG_ENABLE_OBJC_WEAK = YES;
				CLANG_WARN_BLOCK_CAPTURE_AUTORELEASING = YES;
				CLANG_WARN_BOOL_CONVERSION = YES;
				CLANG_WARN_COMMA = YES;
				CLANG_WARN_CONSTANT_CONVERSION = YES;
				CLANG_WARN_DEPRECATED_OBJC_IMPLEMENTATIONS = YES;
				CLANG_WARN_DIRECT_OBJC_ISA_USAGE = YES_ERROR;
				CLANG_WARN_DOCUMENTATION_COMMENTS = YES;
				CLANG_WARN_EMPTY_BODY = YES;
				CLANG_WARN_ENUM_CONVERSION = YES;
				CLANG_WARN_INFINITE_RECURSION = YES;
				CLANG_WARN_INT_CONVERSION = YES;
				CLANG_WARN_NON_LITERAL_NULL_CONVERSION = YES;
				CLANG_WARN_OBJC_IMPLICIT_RETAIN_SELF = YES;
				CLANG_WARN_OBJC_LITERAL_CONVERSION = YES;
				CLANG_WARN_OBJC_ROOT_CLASS = YES_ERROR;
				CLANG_WARN_RANGE_LOOP_ANALYSIS = YES;
				CLANG_WARN_STRICT_PROTOTYPES = YES;
				CLANG_WARN_SUSPICIOUS_MOVE = YES;
				CLANG_WARN_UNGUARDED_AVAILABILITY = YES_AGGRESSIVE;
				CLANG_WARN_UNREACHABLE_CODE = YES;
				CLANG_WARN__DUPLICATE_METHOD_MATCH = YES;
				COPY_PHASE_STRIP = NO;
				DEBUG_INFORMATION_FORMAT = "dwarf-with-dsym";
				ENABLE_NS_ASSERTIONS = NO;
				ENABLE_STRICT_OBJC_MSGSEND = YES;
				GCC_C_LANGUAGE_STANDARD = gnu11;
				GCC_NO_COMMON_BLOCKS = YES;
				GCC_WARN_64_TO_32_BIT_CONVERSION = YES;
				GCC_WARN_ABOUT_RETURN_TYPE = YES_ERROR;
				GCC_WARN_UNDECLARED_SELECTOR = YES;
				GCC_WARN_UNINITIALIZED_AUTOS = YES_AGGRESSIVE;
				GCC_WARN_UNUSED_FUNCTION = YES;
				GCC_WARN_UNUSED_VARIABLE = YES;
				MACOSX_DEPLOYMENT_TARGET = 10.15;
				MTL_ENABLE_DEBUG_INFO = NO;
				MTL_FAST_MATH = YES;
				SDKROOT = macosx;
			};
			name = Release;
		};
		817531B524CA58DD00B13174 /* Debug */ = {
			isa = XCBuildConfiguration;
			buildSettings = {
				CODE_SIGN_STYLE = Automatic;
				HEADER_SEARCH_PATHS = (
					/usr/local/Cellar/glfw/3.3.2/include/GLFW,
					"/Users/manishkumarpatel/Desktop/C++/OpenGL_Shader/OpenGL_Shader",
					/usr/local/Cellar/glew/2.1.0_1/include/GL,
					/Users/manishkumarpatel/Documents/GitHub,
				);
				LIBRARY_SEARCH_PATHS = (
					"$(inherited)",
					/usr/local/Cellar/glfw/3.3.2/lib,
					/usr/local/Cellar/glew/2.1.0_1/lib,
				);
				PRODUCT_NAME = "$(TARGET_NAME)";
			};
			name = Debug;
		};
		817531B624CA58DD00B13174 /* Release */ = {
			isa = XCBuildConfiguration;
			buildSettings = {
				CODE_SIGN_STYLE = Automatic;
				HEADER_SEARCH_PATHS = (
					/usr/local/Cellar/glfw/3.3.2/include/GLFW,
					"/Users/manishkumarpatel/Desktop/C++/OpenGL_Shader/OpenGL_Shader",
					/usr/local/Cellar/glew/2.1.0_1/include/GL,
					/Users/manishkumarpatel/Documents/GitHub,
				);
				LIBRARY_SEARCH_PATHS = (
					"$(inherited)",
					/usr/local/Cellar/glfw/3.3.2/lib,
					/usr/local/Cellar/glew/2.1.0_1/lib,
				);
				PRODUCT_NAME = "$(TARGET_NAME)";
			};
			name = Release;
		};
/* End XCBuildConfiguration section */

/* Begin XCConfigurationList section */
		817531A824CA58DD00B13174 /* Build configuration list for PBXProject "SquareEngine" */ = {
			isa = XCConfigurationList;
			buildConfigurations = (
				817531B224CA58DD00B13174 /* Debug */,
				817531B324CA58DD00B13174 /* Release */,
			);
			defaultConfigurationIsVisible = 0;
			defaultConfigurationName = Release;
		};
		817531B424CA58DD00B13174 /* Build configuration list for PBXNativeTarget "SquareEngine" */ = {
			isa = XCConfigurationList;
			buildConfigurations = (
				817531B524CA58DD00B13174 /* Debug */,
				817531B624CA58DD00B13174 /* Release */,
			);
			defaultConfigurationIsVisible = 0;
			defaultConfigurationName = Release;
		};
/* End XCConfigurationList section */
	};
	rootObject = 817531A524CA58DD00B13174 /* Project object */;
}
